
Microsoft Visual Studio Solution File, Format Version 11.00
# Visual Studio 2010
Project("{FAE04EC0-301F-11D3-BF4B-00C04F79EFBC}") = "CoolProgressBarTester", "CoolProgressBarTester\CoolProgressBarTester.csproj", "{A9E81560-4472-4A4B-871B-5DFC99FAAD9E}"
EndProject
Project("{FAE04EC0-301F-11D3-BF4B-00C04F79EFBC}") = "CoolProgressBarCtrl", "CoolProgressBarCtrl\CoolProgressBarCtrl.csproj", "{C26DE250-71B7-4EAD-AFE7-DC967257DDAB}"
EndProject
Global
	GlobalSection(SolutionConfigurationPlatforms) = preSolution
		Debug|Any CPU = Debug|Any CPU
		Debug|Mixed Platforms = Debug|Mixed Platforms
		Debug|x86 = Debug|x86
		Release|Any CPU = Release|Any CPU
		Release|Mixed Platforms = Release|Mixed Platforms
		Release|x86 = Release|x86
	EndGlobalSection
	GlobalSection(ProjectConfigurationPlatforms) = postSolution
		{A9E81560-4472-4A4B-871B-5DFC99FAAD9E}.Debug|Any CPU.ActiveCfg = Debug|x86
		{A9E81560-4472-4A4B-871B-5DFC99FAAD9E}.Debug|Mixed Platforms.ActiveCfg = Debug|x86
		{A9E81560-4472-4A4B-871B-5DFC99FAAD9E}.Debug|Mixed Platforms.Build.0 = Debug|x86
		{A9E81560-4472-4A4B-871B-5DFC99FAAD9E}.Debug|x86.ActiveCfg = Debug|x86
		{A9E81560-4472-4A4B-871B-5DFC99FAAD9E}.Debug|x86.Build.0 = Debug|x86
		{A9E81560-4472-4A4B-871B-5DFC99FAAD9E}.Release|Any CPU.ActiveCfg = Release|x86
		{A9E81560-4472-4A4B-871B-5DFC99FAAD9E}.Release|Mixed Platforms.ActiveCfg = Release|x86
		{A9E81560-4472-4A4B-871B-5DFC99FAAD9E}.Release|Mixed Platforms.Build.0 = Release|x86
		{A9E81560-4472-4A4B-871B-5DFC99FAAD9E}.Release|x86.ActiveCfg = Release|x86
		{A9E81560-4472-4A4B-871B-5DFC99FAAD9E}.Release|x86.Build.0 = Release|x86
		{C26DE250-71B7-4EAD-AFE7-DC967257DDAB}.Debug|Any CPU.ActiveCfg = Debug|Any CPU
		{C26DE250-71B7-4EAD-AFE7-DC967257DDAB}.Debug|Any CPU.Build.0 = Debug|Any CPU
		{C26DE250-71B7-4EAD-AFE7-DC967257DDAB}.Debug|Mixed Platforms.ActiveCfg = Debug|Any CPU
		{C26DE250-71B7-4EAD-AFE7-DC967257DDAB}.Debug|Mixed Platforms.Build.0 = Debug|Any CPU
		{C26DE250-71B7-4EAD-AFE7-DC967257DDAB}.Debug|x86.ActiveCfg = Debug|Any CPU
		{C26DE250-71B7-4EAD-AFE7-DC967257DDAB}.Release|Any CPU.ActiveCfg = Release|Any CPU
		{C26DE250-71B7-4EAD-AFE7-DC967257DDAB}.Release|Any CPU.Build.0 = Release|Any CPU
		{C26DE250-71B7-4EAD-AFE7-DC967257DDAB}.Release|Mixed Platforms.ActiveCfg = Release|Any CPU
		{C26DE250-71B7-4EAD-AFE7-DC967257DDAB}.Release|Mixed Platforms.Build.0 = Release|Any CPU
		{C26DE250-71B7-4EAD-AFE7-DC967257DDAB}.Release|x86.ActiveCfg = Release|Any CPU
	EndGlobalSection
	GlobalSection(SolutionProperties) = preSolution
		HideSolutionNode = FALSE
	EndGlobalSection
EndGlobal
